
Microsoft Visual Studio Solution File, Format Version 12.00
# Visual Studio Version 17
VisualStudioVersion = 17.4.33122.133
MinimumVisualStudioVersion = 10.0.40219.1
Project("{FAE04EC0-301F-11D3-BF4B-00C04F79EFBC}") = "fib", "fib\fib.csproj", "{381E8A34-E6A7-4568-88E6-6D41835BC86D}"
EndProject
Global
	GlobalSection(SolutionConfigurationPlatforms) = preSolution
		Debug|Any CPU = Debug|Any CPU
		Release|Any CPU = Release|Any CPU
	EndGlobalSection
	GlobalSection(ProjectConfigurationPlatforms) = postSolution
		{381E8A34-E6A7-4568-88E6-6D41835BC86D}.Debug|Any CPU.ActiveCfg = Debug|Any CPU
		{381E8A34-E6A7-4568-88E6-6D41835BC86D}.Debug|Any CPU.Build.0 = Debug|Any CPU
		{381E8A34-E6A7-4568-88E6-6D41835BC86D}.Release|Any CPU.ActiveCfg = Release|Any CPU
		{381E8A34-E6A7-4568-88E6-6D41835BC86D}.Release|Any CPU.Build.0 = Release|Any CPU
	EndGlobalSection
	GlobalSection(SolutionProperties) = preSolution
		HideSolutionNode = FALSE
	EndGlobalSection
	GlobalSection(ExtensibilityGlobals) = postSolution
		SolutionGuid = {BCEE830E-5758-43B4-844B-F41DFB563E83}
	EndGlobalSection
EndGlobal
